
Microsoft Visual Studio Solution File, Format Version 12.00
# Visual Studio Version 16
VisualStudioVersion = 16.0.31205.134
MinimumVisualStudioVersion = 10.0.40219.1
Project("{FAE04EC0-301F-11D3-BF4B-00C04F79EFBC}") = "ChatWebApp", "ChatWebApp.csproj", "{492AA116-5BB2-4605-98B7-A5B4DF6D840C}"
EndProject
Global
	GlobalSection(SolutionConfigurationPlatforms) = preSolution
		Debug|Any CPU = Debug|Any CPU
		Release|Any CPU = Release|Any CPU
	EndGlobalSection
	GlobalSection(ProjectConfigurationPlatforms) = postSolution
		{492AA116-5BB2-4605-98B7-A5B4DF6D840C}.Debug|Any CPU.ActiveCfg = Debug|Any CPU
		{492AA116-5BB2-4605-98B7-A5B4DF6D840C}.Debug|Any CPU.Build.0 = Debug|Any CPU
		{492AA116-5BB2-4605-98B7-A5B4DF6D840C}.Release|Any CPU.ActiveCfg = Release|Any CPU
		{492AA116-5BB2-4605-98B7-A5B4DF6D840C}.Release|Any CPU.Build.0 = Release|Any CPU
	EndGlobalSection
	GlobalSection(SolutionProperties) = preSolution
		HideSolutionNode = FALSE
	EndGlobalSection
	GlobalSection(ExtensibilityGlobals) = postSolution
		SolutionGuid = {FF29E7BC-1C4F-4434-BFC5-68209624A8DE}
	EndGlobalSection
EndGlobal
